
Microsoft Visual Studio Solution File, Format Version 12.00
# Visual Studio Version 16
VisualStudioVersion = 16.0.32228.343
MinimumVisualStudioVersion = 10.0.40219.1
Project("{FAE04EC0-301F-11D3-BF4B-00C04F79EFBC}") = "Beauty Shop", "Beauty Shop\Beauty Shop.csproj", "{2BF2490A-3AE7-47D6-AF5D-8BCE502FEC50}"
EndProject
Project("{FAE04EC0-301F-11D3-BF4B-00C04F79EFBC}") = "DAL", "DAL\DAL.csproj", "{D03E3CA4-4116-45E8-8CF9-121671C7AD73}"
EndProject
Project("{FAE04EC0-301F-11D3-BF4B-00C04F79EFBC}") = "BLL", "BLL\BLL.csproj", "{D6E3730A-36CC-406A-9476-D0F199CDECE6}"
EndProject
Global
	GlobalSection(SolutionConfigurationPlatforms) = preSolution
		Debug|Any CPU = Debug|Any CPU
		Release|Any CPU = Release|Any CPU
	EndGlobalSection
	GlobalSection(ProjectConfigurationPlatforms) = postSolution
		{2BF2490A-3AE7-47D6-AF5D-8BCE502FEC50}.Debug|Any CPU.ActiveCfg = Debug|Any CPU
		{2BF2490A-3AE7-47D6-AF5D-8BCE502FEC50}.Debug|Any CPU.Build.0 = Debug|Any CPU
		{2BF2490A-3AE7-47D6-AF5D-8BCE502FEC50}.Release|Any CPU.ActiveCfg = Release|Any CPU
		{2BF2490A-3AE7-47D6-AF5D-8BCE502FEC50}.Release|Any CPU.Build.0 = Release|Any CPU
		{D03E3CA4-4116-45E8-8CF9-121671C7AD73}.Debug|Any CPU.ActiveCfg = Debug|Any CPU
		{D03E3CA4-4116-45E8-8CF9-121671C7AD73}.Debug|Any CPU.Build.0 = Debug|Any CPU
		{D03E3CA4-4116-45E8-8CF9-121671C7AD73}.Release|Any CPU.ActiveCfg = Release|Any CPU
		{D03E3CA4-4116-45E8-8CF9-121671C7AD73}.Release|Any CPU.Build.0 = Release|Any CPU
		{D6E3730A-36CC-406A-9476-D0F199CDECE6}.Debug|Any CPU.ActiveCfg = Debug|Any CPU
		{D6E3730A-36CC-406A-9476-D0F199CDECE6}.Debug|Any CPU.Build.0 = Debug|Any CPU
		{D6E3730A-36CC-406A-9476-D0F199CDECE6}.Release|Any CPU.ActiveCfg = Release|Any CPU
		{D6E3730A-36CC-406A-9476-D0F199CDECE6}.Release|Any CPU.Build.0 = Release|Any CPU
	EndGlobalSection
	GlobalSection(SolutionProperties) = preSolution
		HideSolutionNode = FALSE
	EndGlobalSection
	GlobalSection(ExtensibilityGlobals) = postSolution
		SolutionGuid = {088C854D-7833-4D91-9EA6-37B7405AA3EE}
	EndGlobalSection
EndGlobal
